
Microsoft Visual Studio Solution File, Format Version 11.00
# Visual Studio 2010
Project("{FAE04EC0-301F-11D3-BF4B-00C04F79EFBC}") = "EyeInTheSky", "EyeInTheSky\EyeInTheSky.csproj", "{382387BB-CF3E-4164-AC29-04F1A42C7EAF}"
EndProject
Project("{2150E333-8FDC-42A3-9474-1A3956D46DE8}") = "Solution Items", "Solution Items", "{B6FBBE63-50B8-433A-B2B1-4109689C629D}"
	ProjectSection(SolutionItems) = preProject
		GlobalAssemblyInfo.cs = GlobalAssemblyInfo.cs
		README.md = README.md
	EndProjectSection
EndProject
Project("{FAE04EC0-301F-11D3-BF4B-00C04F79EFBC}") = "EyeInTheSky.Tests", "EyeInTheSky.Tests\EyeInTheSky.Tests.csproj", "{3053D2E4-5518-416C-A76E-8176B000EA79}"
EndProject
Project("{FAE04EC0-301F-11D3-BF4B-00C04F79EFBC}") = "Stwalkerster.IrcClient", "Stwalkerster.IrcClient\Stwalkerster.IrcClient.csproj", "{47674028-79D0-4CB6-9F36-4C58B8178947}"
EndProject
Project("{FAE04EC0-301F-11D3-BF4B-00C04F79EFBC}") = "Stwalkerster.IrcClient.Tests", "Stwalkerster.IrcClient.Tests\Stwalkerster.IrcClient.Tests.csproj", "{09A8A105-3F93-4840-AFAF-6870C91CE306}"
EndProject
Global
	GlobalSection(SolutionConfigurationPlatforms) = preSolution
		Debug|Any CPU = Debug|Any CPU
		Release|Any CPU = Release|Any CPU
	EndGlobalSection
	GlobalSection(ProjectConfigurationPlatforms) = postSolution
		{3053D2E4-5518-416C-A76E-8176B000EA79}.Debug|Any CPU.ActiveCfg = Debug|Any CPU
		{3053D2E4-5518-416C-A76E-8176B000EA79}.Debug|Any CPU.Build.0 = Debug|Any CPU
		{3053D2E4-5518-416C-A76E-8176B000EA79}.Release|Any CPU.ActiveCfg = Release|Any CPU
		{3053D2E4-5518-416C-A76E-8176B000EA79}.Release|Any CPU.Build.0 = Release|Any CPU
		{382387BB-CF3E-4164-AC29-04F1A42C7EAF}.Debug|Any CPU.ActiveCfg = Debug|Any CPU
		{382387BB-CF3E-4164-AC29-04F1A42C7EAF}.Debug|Any CPU.Build.0 = Debug|Any CPU
		{382387BB-CF3E-4164-AC29-04F1A42C7EAF}.Release|Any CPU.ActiveCfg = Release|Any CPU
		{382387BB-CF3E-4164-AC29-04F1A42C7EAF}.Release|Any CPU.Build.0 = Release|Any CPU
		{47674028-79D0-4CB6-9F36-4C58B8178947}.Debug|Any CPU.ActiveCfg = Debug|Any CPU
		{47674028-79D0-4CB6-9F36-4C58B8178947}.Debug|Any CPU.Build.0 = Debug|Any CPU
		{47674028-79D0-4CB6-9F36-4C58B8178947}.Release|Any CPU.ActiveCfg = Release|Any CPU
		{47674028-79D0-4CB6-9F36-4C58B8178947}.Release|Any CPU.Build.0 = Release|Any CPU
		{09A8A105-3F93-4840-AFAF-6870C91CE306}.Debug|Any CPU.ActiveCfg = Debug|Any CPU
		{09A8A105-3F93-4840-AFAF-6870C91CE306}.Debug|Any CPU.Build.0 = Debug|Any CPU
		{09A8A105-3F93-4840-AFAF-6870C91CE306}.Release|Any CPU.ActiveCfg = Release|Any CPU
		{09A8A105-3F93-4840-AFAF-6870C91CE306}.Release|Any CPU.Build.0 = Release|Any CPU
	EndGlobalSection
	GlobalSection(SolutionProperties) = preSolution
		HideSolutionNode = FALSE
	EndGlobalSection
EndGlobal
